// !$*UTF8*$!
{
	archiveVersion = 1;
	classes = {
	};
	objectVersion = 56;
	objects = {

/* Begin PBXBuildFile section */
		C559142029F1575C0025BB92 /* UIImage-Extension.swift in Sources */ = {isa = PBXBuildFile; fileRef = C559141F29F1575C0025BB92 /* UIImage-Extension.swift */; };
		C559142329F17B750025BB92 /* MTCollectionViewTableViewCell.swift in Sources */ = {isa = PBXBuildFile; fileRef = C559142229F17B750025BB92 /* MTCollectionViewTableViewCell.swift */; };
		C57BDD3D29EDAF7500A45B5E /* RegisterCoordinatorProtocol.swift in Sources */ = {isa = PBXBuildFile; fileRef = C57BDD3C29EDAF7500A45B5E /* RegisterCoordinatorProtocol.swift */; };
		C5A0C2D429E066DE00DB21DA /* AppDelegate.swift in Sources */ = {isa = PBXBuildFile; fileRef = C5A0C2D329E066DE00DB21DA /* AppDelegate.swift */; };
		C5A0C2D629E066DE00DB21DA /* SceneDelegate.swift in Sources */ = {isa = PBXBuildFile; fileRef = C5A0C2D529E066DE00DB21DA /* SceneDelegate.swift */; };
		C5A0C2D829E066DE00DB21DA /* ViewController.swift in Sources */ = {isa = PBXBuildFile; fileRef = C5A0C2D729E066DE00DB21DA /* ViewController.swift */; };
		C5A0C2DD29E066DE00DB21DA /* Assets.xcassets in Resources */ = {isa = PBXBuildFile; fileRef = C5A0C2DC29E066DE00DB21DA /* Assets.xcassets */; };
		C5A0C2E029E066DE00DB21DA /* LaunchScreen.storyboard in Resources */ = {isa = PBXBuildFile; fileRef = C5A0C2DE29E066DE00DB21DA /* LaunchScreen.storyboard */; };
		C5B2DB0C29E5C2D400A63AE9 /* Coordinator.swift in Sources */ = {isa = PBXBuildFile; fileRef = C5B2DB0B29E5C2D400A63AE9 /* Coordinator.swift */; };
		C5B2DB0F29E5C4C600A63AE9 /* AppCoordinator.swift in Sources */ = {isa = PBXBuildFile; fileRef = C5B2DB0E29E5C4C600A63AE9 /* AppCoordinator.swift */; };
		C5B2DB1129E5CD3200A63AE9 /* CoordinatorFinishDelegate.swift in Sources */ = {isa = PBXBuildFile; fileRef = C5B2DB1029E5CD3200A63AE9 /* CoordinatorFinishDelegate.swift */; };
		C5B2DB1529E5CE0C00A63AE9 /* Coordinator-Extension.swift in Sources */ = {isa = PBXBuildFile; fileRef = C5B2DB1429E5CE0C00A63AE9 /* Coordinator-Extension.swift */; };
		C5B2DB1729E5CF2900A63AE9 /* AppCoordinatorProtocol.swift in Sources */ = {isa = PBXBuildFile; fileRef = C5B2DB1629E5CF2900A63AE9 /* AppCoordinatorProtocol.swift */; };
		C5B2DB1929E5D0C900A63AE9 /* AppCoordinator-Extension.swift in Sources */ = {isa = PBXBuildFile; fileRef = C5B2DB1829E5D0C900A63AE9 /* AppCoordinator-Extension.swift */; };
		C5B2DB1D29E5D27D00A63AE9 /* LoginViewController.swift in Sources */ = {isa = PBXBuildFile; fileRef = C5B2DB1C29E5D27D00A63AE9 /* LoginViewController.swift */; };
		C5B2DB1F29E5D5AA00A63AE9 /* LoginCoordinatorProtocol.swift in Sources */ = {isa = PBXBuildFile; fileRef = C5B2DB1E29E5D5AA00A63AE9 /* LoginCoordinatorProtocol.swift */; };
		C5B2DB2129E5D5FE00A63AE9 /* LoginCoordinator.swift in Sources */ = {isa = PBXBuildFile; fileRef = C5B2DB2029E5D5FE00A63AE9 /* LoginCoordinator.swift */; };
		C5B2DB2429E5D94A00A63AE9 /* TabBarCoordinatorModel.swift in Sources */ = {isa = PBXBuildFile; fileRef = C5B2DB2329E5D94A00A63AE9 /* TabBarCoordinatorModel.swift */; };
		C5B2DB2629E5DE5500A63AE9 /* TabBarCoordinatorProtocol.swift in Sources */ = {isa = PBXBuildFile; fileRef = C5B2DB2529E5DE5500A63AE9 /* TabBarCoordinatorProtocol.swift */; };
		C5B2DB2829E5DF1800A63AE9 /* TabBarCoordinator.swift in Sources */ = {isa = PBXBuildFile; fileRef = C5B2DB2729E5DF1800A63AE9 /* TabBarCoordinator.swift */; };
		C5B2DB2E29E6F51400A63AE9 /* FavoritesViewController.swift in Sources */ = {isa = PBXBuildFile; fileRef = C5B2DB2D29E6F51400A63AE9 /* FavoritesViewController.swift */; };
		C5B2DB3029E6F52800A63AE9 /* FavoritesCoordinator.swift in Sources */ = {isa = PBXBuildFile; fileRef = C5B2DB2F29E6F52800A63AE9 /* FavoritesCoordinator.swift */; };
		C5B2DB3329E6F53D00A63AE9 /* ComicsCoordinator.swift in Sources */ = {isa = PBXBuildFile; fileRef = C5B2DB3229E6F53D00A63AE9 /* ComicsCoordinator.swift */; };
		C5B2DB3529E6F54900A63AE9 /* ComicsViewController.swift in Sources */ = {isa = PBXBuildFile; fileRef = C5B2DB3429E6F54900A63AE9 /* ComicsViewController.swift */; };
		C5B2DB3729E6F55600A63AE9 /* HomeViewController.swift in Sources */ = {isa = PBXBuildFile; fileRef = C5B2DB3629E6F55600A63AE9 /* HomeViewController.swift */; };
		C5B2DB3929E6F56500A63AE9 /* HomeCoordinator.swift in Sources */ = {isa = PBXBuildFile; fileRef = C5B2DB3829E6F56500A63AE9 /* HomeCoordinator.swift */; };
		C5B2DB3D29E85C7300A63AE9 /* RegisterViewController.swift in Sources */ = {isa = PBXBuildFile; fileRef = C5B2DB3C29E85C7300A63AE9 /* RegisterViewController.swift */; };
		C5B2DB4A29E9498300A63AE9 /* MTIconWithTextField.swift in Sources */ = {isa = PBXBuildFile; fileRef = C5B2DB4929E9498300A63AE9 /* MTIconWithTextField.swift */; };
		C5B2DB4E29E9A36800A63AE9 /* RegisterCoordinator.swift in Sources */ = {isa = PBXBuildFile; fileRef = C5B2DB4D29E9A36800A63AE9 /* RegisterCoordinator.swift */; };
		C5CEBF4129F5499800330A49 /* MTComicCollectionViewCell.swift in Sources */ = {isa = PBXBuildFile; fileRef = C5CEBF4029F5499800330A49 /* MTComicCollectionViewCell.swift */; };
		C5CEBF4429F54A6600330A49 /* SDWebImage in Frameworks */ = {isa = PBXBuildFile; productRef = C5CEBF4329F54A6600330A49 /* SDWebImage */; };
		C5CEBF4829F5586B00330A49 /* MTCharacter.swift in Sources */ = {isa = PBXBuildFile; fileRef = C5CEBF4729F5586B00330A49 /* MTCharacter.swift */; };
		C5EE0CDE29F1C69B00C203FC /* String-Extension.swift in Sources */ = {isa = PBXBuildFile; fileRef = C5EE0CDD29F1C69B00C203FC /* String-Extension.swift */; };
		C5EE0CE129F2749C00C203FC /* APICaller.swift in Sources */ = {isa = PBXBuildFile; fileRef = C5EE0CE029F2749C00C203FC /* APICaller.swift */; };
		C5EE0CE829F2858800C203FC /* Constants.swift in Sources */ = {isa = PBXBuildFile; fileRef = C5EE0CE729F2858800C203FC /* Constants.swift */; };
		C5EE0CEC29F28D8E00C203FC /* Keys.swift in Sources */ = {isa = PBXBuildFile; fileRef = C5EE0CEB29F28D8E00C203FC /* Keys.swift */; };
		C5EE0CEE29F2914100C203FC /* Date-Extension.swift in Sources */ = {isa = PBXBuildFile; fileRef = C5EE0CED29F2914100C203FC /* Date-Extension.swift */; };
		C5F6844029EDA59E00697655 /* UIViewController-Extension.swift in Sources */ = {isa = PBXBuildFile; fileRef = C5F6843F29EDA59E00697655 /* UIViewController-Extension.swift */; };
/* End PBXBuildFile section */

/* Begin PBXFileReference section */
		C559141F29F1575C0025BB92 /* UIImage-Extension.swift */ = {isa = PBXFileReference; lastKnownFileType = sourcecode.swift; path = "UIImage-Extension.swift"; sourceTree = "<group>"; };
		C559142229F17B750025BB92 /* MTCollectionViewTableViewCell.swift */ = {isa = PBXFileReference; lastKnownFileType = sourcecode.swift; path = MTCollectionViewTableViewCell.swift; sourceTree = "<group>"; };
		C57BDD3C29EDAF7500A45B5E /* RegisterCoordinatorProtocol.swift */ = {isa = PBXFileReference; lastKnownFileType = sourcecode.swift; path = RegisterCoordinatorProtocol.swift; sourceTree = "<group>"; };
		C5A0C2D029E066DE00DB21DA /* MarvelTime.app */ = {isa = PBXFileReference; explicitFileType = wrapper.application; includeInIndex = 0; path = MarvelTime.app; sourceTree = BUILT_PRODUCTS_DIR; };
		C5A0C2D329E066DE00DB21DA /* AppDelegate.swift */ = {isa = PBXFileReference; lastKnownFileType = sourcecode.swift; path = AppDelegate.swift; sourceTree = "<group>"; };
		C5A0C2D529E066DE00DB21DA /* SceneDelegate.swift */ = {isa = PBXFileReference; lastKnownFileType = sourcecode.swift; path = SceneDelegate.swift; sourceTree = "<group>"; };
		C5A0C2D729E066DE00DB21DA /* ViewController.swift */ = {isa = PBXFileReference; lastKnownFileType = sourcecode.swift; path = ViewController.swift; sourceTree = "<group>"; };
		C5A0C2DC29E066DE00DB21DA /* Assets.xcassets */ = {isa = PBXFileReference; lastKnownFileType = folder.assetcatalog; path = Assets.xcassets; sourceTree = "<group>"; };
		C5A0C2DF29E066DE00DB21DA /* Base */ = {isa = PBXFileReference; lastKnownFileType = file.storyboard; name = Base; path = Base.lproj/LaunchScreen.storyboard; sourceTree = "<group>"; };
		C5A0C2E129E066DE00DB21DA /* Info.plist */ = {isa = PBXFileReference; lastKnownFileType = text.plist.xml; path = Info.plist; sourceTree = "<group>"; };
		C5B2DB0B29E5C2D400A63AE9 /* Coordinator.swift */ = {isa = PBXFileReference; lastKnownFileType = sourcecode.swift; path = Coordinator.swift; sourceTree = "<group>"; };
		C5B2DB0E29E5C4C600A63AE9 /* AppCoordinator.swift */ = {isa = PBXFileReference; lastKnownFileType = sourcecode.swift; path = AppCoordinator.swift; sourceTree = "<group>"; };
		C5B2DB1029E5CD3200A63AE9 /* CoordinatorFinishDelegate.swift */ = {isa = PBXFileReference; lastKnownFileType = sourcecode.swift; path = CoordinatorFinishDelegate.swift; sourceTree = "<group>"; };
		C5B2DB1429E5CE0C00A63AE9 /* Coordinator-Extension.swift */ = {isa = PBXFileReference; lastKnownFileType = sourcecode.swift; path = "Coordinator-Extension.swift"; sourceTree = "<group>"; };
		C5B2DB1629E5CF2900A63AE9 /* AppCoordinatorProtocol.swift */ = {isa = PBXFileReference; lastKnownFileType = sourcecode.swift; path = AppCoordinatorProtocol.swift; sourceTree = "<group>"; };
		C5B2DB1829E5D0C900A63AE9 /* AppCoordinator-Extension.swift */ = {isa = PBXFileReference; lastKnownFileType = sourcecode.swift; path = "AppCoordinator-Extension.swift"; sourceTree = "<group>"; };
		C5B2DB1C29E5D27D00A63AE9 /* LoginViewController.swift */ = {isa = PBXFileReference; lastKnownFileType = sourcecode.swift; path = LoginViewController.swift; sourceTree = "<group>"; };
		C5B2DB1E29E5D5AA00A63AE9 /* LoginCoordinatorProtocol.swift */ = {isa = PBXFileReference; lastKnownFileType = sourcecode.swift; path = LoginCoordinatorProtocol.swift; sourceTree = "<group>"; };
		C5B2DB2029E5D5FE00A63AE9 /* LoginCoordinator.swift */ = {isa = PBXFileReference; lastKnownFileType = sourcecode.swift; path = LoginCoordinator.swift; sourceTree = "<group>"; };
		C5B2DB2329E5D94A00A63AE9 /* TabBarCoordinatorModel.swift */ = {isa = PBXFileReference; lastKnownFileType = sourcecode.swift; path = TabBarCoordinatorModel.swift; sourceTree = "<group>"; };
		C5B2DB2529E5DE5500A63AE9 /* TabBarCoordinatorProtocol.swift */ = {isa = PBXFileReference; lastKnownFileType = sourcecode.swift; path = TabBarCoordinatorProtocol.swift; sourceTree = "<group>"; };
		C5B2DB2729E5DF1800A63AE9 /* TabBarCoordinator.swift */ = {isa = PBXFileReference; lastKnownFileType = sourcecode.swift; path = TabBarCoordinator.swift; sourceTree = "<group>"; };
		C5B2DB2D29E6F51400A63AE9 /* FavoritesViewController.swift */ = {isa = PBXFileReference; lastKnownFileType = sourcecode.swift; path = FavoritesViewController.swift; sourceTree = "<group>"; };
		C5B2DB2F29E6F52800A63AE9 /* FavoritesCoordinator.swift */ = {isa = PBXFileReference; lastKnownFileType = sourcecode.swift; path = FavoritesCoordinator.swift; sourceTree = "<group>"; };
		C5B2DB3229E6F53D00A63AE9 /* ComicsCoordinator.swift */ = {isa = PBXFileReference; lastKnownFileType = sourcecode.swift; path = ComicsCoordinator.swift; sourceTree = "<group>"; };
		C5B2DB3429E6F54900A63AE9 /* ComicsViewController.swift */ = {isa = PBXFileReference; lastKnownFileType = sourcecode.swift; path = ComicsViewController.swift; sourceTree = "<group>"; };
		C5B2DB3629E6F55600A63AE9 /* HomeViewController.swift */ = {isa = PBXFileReference; lastKnownFileType = sourcecode.swift; path = HomeViewController.swift; sourceTree = "<group>"; };
		C5B2DB3829E6F56500A63AE9 /* HomeCoordinator.swift */ = {isa = PBXFileReference; lastKnownFileType = sourcecode.swift; path = HomeCoordinator.swift; sourceTree = "<group>"; };
		C5B2DB3C29E85C7300A63AE9 /* RegisterViewController.swift */ = {isa = PBXFileReference; lastKnownFileType = sourcecode.swift; path = RegisterViewController.swift; sourceTree = "<group>"; };
		C5B2DB4929E9498300A63AE9 /* MTIconWithTextField.swift */ = {isa = PBXFileReference; lastKnownFileType = sourcecode.swift; path = MTIconWithTextField.swift; sourceTree = "<group>"; };
		C5B2DB4D29E9A36800A63AE9 /* RegisterCoordinator.swift */ = {isa = PBXFileReference; lastKnownFileType = sourcecode.swift; path = RegisterCoordinator.swift; sourceTree = "<group>"; };
		C5CEBF4029F5499800330A49 /* MTComicCollectionViewCell.swift */ = {isa = PBXFileReference; lastKnownFileType = sourcecode.swift; path = MTComicCollectionViewCell.swift; sourceTree = "<group>"; };
		C5CEBF4729F5586B00330A49 /* MTCharacter.swift */ = {isa = PBXFileReference; lastKnownFileType = sourcecode.swift; path = MTCharacter.swift; sourceTree = "<group>"; };
		C5EE0CDD29F1C69B00C203FC /* String-Extension.swift */ = {isa = PBXFileReference; lastKnownFileType = sourcecode.swift; path = "String-Extension.swift"; sourceTree = "<group>"; };
		C5EE0CE029F2749C00C203FC /* APICaller.swift */ = {isa = PBXFileReference; lastKnownFileType = sourcecode.swift; path = APICaller.swift; sourceTree = "<group>"; };
		C5EE0CE729F2858800C203FC /* Constants.swift */ = {isa = PBXFileReference; lastKnownFileType = sourcecode.swift; path = Constants.swift; sourceTree = "<group>"; };
		C5EE0CEB29F28D8E00C203FC /* Keys.swift */ = {isa = PBXFileReference; lastKnownFileType = sourcecode.swift; path = Keys.swift; sourceTree = "<group>"; };
		C5EE0CED29F2914100C203FC /* Date-Extension.swift */ = {isa = PBXFileReference; lastKnownFileType = sourcecode.swift; path = "Date-Extension.swift"; sourceTree = "<group>"; };
		C5F6843F29EDA59E00697655 /* UIViewController-Extension.swift */ = {isa = PBXFileReference; lastKnownFileType = sourcecode.swift; path = "UIViewController-Extension.swift"; sourceTree = "<group>"; };
/* End PBXFileReference section */

/* Begin PBXFrameworksBuildPhase section */
		C5A0C2CD29E066DE00DB21DA /* Frameworks */ = {
			isa = PBXFrameworksBuildPhase;
			buildActionMask = 2147483647;
			files = (
				C5CEBF4429F54A6600330A49 /* SDWebImage in Frameworks */,
			);
			runOnlyForDeploymentPostprocessing = 0;
		};
/* End PBXFrameworksBuildPhase section */

/* Begin PBXGroup section */
		C559142129F16AAD0025BB92 /* Home */ = {
			isa = PBXGroup;
			children = (
				C5B2DB3629E6F55600A63AE9 /* HomeViewController.swift */,
				C5B2DB3829E6F56500A63AE9 /* HomeCoordinator.swift */,
			);
			path = Home;
			sourceTree = "<group>";
		};
		C5A0C2C729E066DD00DB21DA = {
			isa = PBXGroup;
			children = (
				C5A0C2D229E066DE00DB21DA /* MarvelTime */,
				C5A0C2D129E066DE00DB21DA /* Products */,
			);
			sourceTree = "<group>";
		};
		C5A0C2D129E066DE00DB21DA /* Products */ = {
			isa = PBXGroup;
			children = (
				C5A0C2D029E066DE00DB21DA /* MarvelTime.app */,
			);
			name = Products;
			sourceTree = "<group>";
		};
		C5A0C2D229E066DE00DB21DA /* MarvelTime */ = {
			isa = PBXGroup;
			children = (
				C5EE0CDF29F2748700C203FC /* Manager */,
				C5F6843E29EDA37500697655 /* Helpers */,
				C5EE0CE229F279F600C203FC /* Resources */,
				C5B2DB0D29E5C44500A63AE9 /* App */,
				C5CEBF4529F557A700330A49 /* Models */,
				C5B2DB4829E9485A00A63AE9 /* Views */,
				C5CEBF4629F557B300330A49 /* ViewModels */,
				C5B2DB1A29E5D24E00A63AE9 /* Scenes */,
				C5A0C2D729E066DE00DB21DA /* ViewController.swift */,
				C5A0C2DC29E066DE00DB21DA /* Assets.xcassets */,
				C5A0C2DE29E066DE00DB21DA /* LaunchScreen.storyboard */,
				C5A0C2E129E066DE00DB21DA /* Info.plist */,
			);
			path = MarvelTime;
			sourceTree = "<group>";
		};
		C5B2DB0A29E5C2C200A63AE9 /* Protocols */ = {
			isa = PBXGroup;
			children = (
				C5B2DB1629E5CF2900A63AE9 /* AppCoordinatorProtocol.swift */,
				C5B2DB0B29E5C2D400A63AE9 /* Coordinator.swift */,
				C5B2DB1029E5CD3200A63AE9 /* CoordinatorFinishDelegate.swift */,
				C5B2DB1E29E5D5AA00A63AE9 /* LoginCoordinatorProtocol.swift */,
				C5B2DB2529E5DE5500A63AE9 /* TabBarCoordinatorProtocol.swift */,
				C57BDD3C29EDAF7500A45B5E /* RegisterCoordinatorProtocol.swift */,
			);
			path = Protocols;
			sourceTree = "<group>";
		};
		C5B2DB0D29E5C44500A63AE9 /* App */ = {
			isa = PBXGroup;
			children = (
				C5A0C2D329E066DE00DB21DA /* AppDelegate.swift */,
				C5A0C2D529E066DE00DB21DA /* SceneDelegate.swift */,
				C5B2DB0E29E5C4C600A63AE9 /* AppCoordinator.swift */,
			);
			path = App;
			sourceTree = "<group>";
		};
		C5B2DB1229E5CDDE00A63AE9 /* Extensions */ = {
			isa = PBXGroup;
			children = (
				C5B2DB1429E5CE0C00A63AE9 /* Coordinator-Extension.swift */,
				C5B2DB1829E5D0C900A63AE9 /* AppCoordinator-Extension.swift */,
				C5F6843F29EDA59E00697655 /* UIViewController-Extension.swift */,
				C559141F29F1575C0025BB92 /* UIImage-Extension.swift */,
				C5EE0CDD29F1C69B00C203FC /* String-Extension.swift */,
				C5EE0CED29F2914100C203FC /* Date-Extension.swift */,
			);
			path = Extensions;
			sourceTree = "<group>";
		};
		C5B2DB1A29E5D24E00A63AE9 /* Scenes */ = {
			isa = PBXGroup;
			children = (
				C5B2DB1B29E5D25E00A63AE9 /* Login */,
				C5B2DB3A29E85C4500A63AE9 /* Register */,
				C5B2DB2229E5D90F00A63AE9 /* Main */,
			);
			path = Scenes;
			sourceTree = "<group>";
		};
		C5B2DB1B29E5D25E00A63AE9 /* Login */ = {
			isa = PBXGroup;
			children = (
				C5B2DB1C29E5D27D00A63AE9 /* LoginViewController.swift */,
				C5B2DB2029E5D5FE00A63AE9 /* LoginCoordinator.swift */,
			);
			path = Login;
			sourceTree = "<group>";
		};
		C5B2DB2229E5D90F00A63AE9 /* Main */ = {
			isa = PBXGroup;
			children = (
				C559142129F16AAD0025BB92 /* Home */,
				C5B2DB2B29E6F4FC00A63AE9 /* Comics */,
				C5B2DB2A29E6F4EE00A63AE9 /* Favorites */,
				C5B2DB2329E5D94A00A63AE9 /* TabBarCoordinatorModel.swift */,
				C5B2DB2729E5DF1800A63AE9 /* TabBarCoordinator.swift */,
			);
			path = Main;
			sourceTree = "<group>";
		};
		C5B2DB2A29E6F4EE00A63AE9 /* Favorites */ = {
			isa = PBXGroup;
			children = (
				C5B2DB2D29E6F51400A63AE9 /* FavoritesViewController.swift */,
				C5B2DB2F29E6F52800A63AE9 /* FavoritesCoordinator.swift */,
			);
			path = Favorites;
			sourceTree = "<group>";
		};
		C5B2DB2B29E6F4FC00A63AE9 /* Comics */ = {
			isa = PBXGroup;
			children = (
				C5B2DB3429E6F54900A63AE9 /* ComicsViewController.swift */,
				C5B2DB3229E6F53D00A63AE9 /* ComicsCoordinator.swift */,
			);
			path = Comics;
			sourceTree = "<group>";
		};
		C5B2DB3A29E85C4500A63AE9 /* Register */ = {
			isa = PBXGroup;
			children = (
				C5B2DB3C29E85C7300A63AE9 /* RegisterViewController.swift */,
				C5B2DB4D29E9A36800A63AE9 /* RegisterCoordinator.swift */,
			);
			path = Register;
			sourceTree = "<group>";
		};
		C5B2DB4829E9485A00A63AE9 /* Views */ = {
			isa = PBXGroup;
			children = (
				C5B2DB4929E9498300A63AE9 /* MTIconWithTextField.swift */,
				C559142229F17B750025BB92 /* MTCollectionViewTableViewCell.swift */,
				C5CEBF4029F5499800330A49 /* MTComicCollectionViewCell.swift */,
			);
			path = Views;
			sourceTree = "<group>";
		};
		C5CEBF4529F557A700330A49 /* Models */ = {
			isa = PBXGroup;
			children = (
				C5CEBF4729F5586B00330A49 /* MTCharacter.swift */,
			);
			path = Models;
			sourceTree = "<group>";
		};
		C5CEBF4629F557B300330A49 /* ViewModels */ = {
			isa = PBXGroup;
			children = (
			);
			path = ViewModels;
			sourceTree = "<group>";
		};
		C5EE0CDF29F2748700C203FC /* Manager */ = {
			isa = PBXGroup;
			children = (
				C5EE0CE029F2749C00C203FC /* APICaller.swift */,
			);
			path = Manager;
			sourceTree = "<group>";
		};
		C5EE0CE229F279F600C203FC /* Resources */ = {
			isa = PBXGroup;
			children = (
				C5EE0CE729F2858800C203FC /* Constants.swift */,
				C5EE0CEB29F28D8E00C203FC /* Keys.swift */,
			);
			path = Resources;
			sourceTree = "<group>";
		};
		C5F6843E29EDA37500697655 /* Helpers */ = {
			isa = PBXGroup;
			children = (
				C5B2DB0A29E5C2C200A63AE9 /* Protocols */,
				C5B2DB1229E5CDDE00A63AE9 /* Extensions */,
			);
			path = Helpers;
			sourceTree = "<group>";
		};
/* End PBXGroup section */

/* Begin PBXNativeTarget section */
		C5A0C2CF29E066DE00DB21DA /* MarvelTime */ = {
			isa = PBXNativeTarget;
			buildConfigurationList = C5A0C2E429E066DE00DB21DA /* Build configuration list for PBXNativeTarget "MarvelTime" */;
			buildPhases = (
				C5A0C2CC29E066DE00DB21DA /* Sources */,
				C5A0C2CD29E066DE00DB21DA /* Frameworks */,
				C5A0C2CE29E066DE00DB21DA /* Resources */,
			);
			buildRules = (
			);
			dependencies = (
			);
			name = MarvelTime;
			packageProductDependencies = (
				C5CEBF4329F54A6600330A49 /* SDWebImage */,
			);
			productName = MarvelTime;
			productReference = C5A0C2D029E066DE00DB21DA /* MarvelTime.app */;
			productType = "com.apple.product-type.application";
		};
/* End PBXNativeTarget section */

/* Begin PBXProject section */
		C5A0C2C829E066DD00DB21DA /* Project object */ = {
			isa = PBXProject;
			attributes = {
				BuildIndependentTargetsInParallel = 1;
				LastSwiftUpdateCheck = 1430;
				LastUpgradeCheck = 1430;
				TargetAttributes = {
					C5A0C2CF29E066DE00DB21DA = {
						CreatedOnToolsVersion = 14.3;
					};
				};
			};
			buildConfigurationList = C5A0C2CB29E066DE00DB21DA /* Build configuration list for PBXProject "MarvelTime" */;
			compatibilityVersion = "Xcode 14.0";
			developmentRegion = en;
			hasScannedForEncodings = 0;
			knownRegions = (
				en,
				Base,
			);
			mainGroup = C5A0C2C729E066DD00DB21DA;
			packageReferences = (
				C5CEBF4229F54A6600330A49 /* XCRemoteSwiftPackageReference "SDWebImage" */,
			);
			productRefGroup = C5A0C2D129E066DE00DB21DA /* Products */;
			projectDirPath = "";
			projectRoot = "";
			targets = (
				C5A0C2CF29E066DE00DB21DA /* MarvelTime */,
			);
		};
/* End PBXProject section */

/* Begin PBXResourcesBuildPhase section */
		C5A0C2CE29E066DE00DB21DA /* Resources */ = {
			isa = PBXResourcesBuildPhase;
			buildActionMask = 2147483647;
			files = (
				C5A0C2E029E066DE00DB21DA /* LaunchScreen.storyboard in Resources */,
				C5A0C2DD29E066DE00DB21DA /* Assets.xcassets in Resources */,
			);
			runOnlyForDeploymentPostprocessing = 0;
		};
/* End PBXResourcesBuildPhase section */

/* Begin PBXSourcesBuildPhase section */
		C5A0C2CC29E066DE00DB21DA /* Sources */ = {
			isa = PBXSourcesBuildPhase;
			buildActionMask = 2147483647;
			files = (
				C5B2DB3929E6F56500A63AE9 /* HomeCoordinator.swift in Sources */,
				C5EE0CEC29F28D8E00C203FC /* Keys.swift in Sources */,
				C5B2DB1729E5CF2900A63AE9 /* AppCoordinatorProtocol.swift in Sources */,
				C5B2DB1529E5CE0C00A63AE9 /* Coordinator-Extension.swift in Sources */,
				C5B2DB0F29E5C4C600A63AE9 /* AppCoordinator.swift in Sources */,
				C5B2DB1929E5D0C900A63AE9 /* AppCoordinator-Extension.swift in Sources */,
				C5B2DB2629E5DE5500A63AE9 /* TabBarCoordinatorProtocol.swift in Sources */,
				C5A0C2D829E066DE00DB21DA /* ViewController.swift in Sources */,
				C5B2DB3329E6F53D00A63AE9 /* ComicsCoordinator.swift in Sources */,
				C5B2DB4A29E9498300A63AE9 /* MTIconWithTextField.swift in Sources */,
				C5EE0CE829F2858800C203FC /* Constants.swift in Sources */,
				C5B2DB2829E5DF1800A63AE9 /* TabBarCoordinator.swift in Sources */,
				C5A0C2D429E066DE00DB21DA /* AppDelegate.swift in Sources */,
				C5B2DB1F29E5D5AA00A63AE9 /* LoginCoordinatorProtocol.swift in Sources */,
				C5F6844029EDA59E00697655 /* UIViewController-Extension.swift in Sources */,
				C5EE0CE129F2749C00C203FC /* APICaller.swift in Sources */,
				C5B2DB3729E6F55600A63AE9 /* HomeViewController.swift in Sources */,
				C5B2DB2E29E6F51400A63AE9 /* FavoritesViewController.swift in Sources */,
				C5B2DB3529E6F54900A63AE9 /* ComicsViewController.swift in Sources */,
				C5CEBF4129F5499800330A49 /* MTComicCollectionViewCell.swift in Sources */,
				C5EE0CDE29F1C69B00C203FC /* String-Extension.swift in Sources */,
				C5B2DB3D29E85C7300A63AE9 /* RegisterViewController.swift in Sources */,
				C5CEBF4829F5586B00330A49 /* MTCharacter.swift in Sources */,
				C559142329F17B750025BB92 /* MTCollectionViewTableViewCell.swift in Sources */,
				C5B2DB2429E5D94A00A63AE9 /* TabBarCoordinatorModel.swift in Sources */,
				C5B2DB4E29E9A36800A63AE9 /* RegisterCoordinator.swift in Sources */,
				C5A0C2D629E066DE00DB21DA /* SceneDelegate.swift in Sources */,
				C5B2DB0C29E5C2D400A63AE9 /* Coordinator.swift in Sources */,
				C5EE0CEE29F2914100C203FC /* Date-Extension.swift in Sources */,
				C57BDD3D29EDAF7500A45B5E /* RegisterCoordinatorProtocol.swift in Sources */,
				C559142029F1575C0025BB92 /* UIImage-Extension.swift in Sources */,
				C5B2DB2129E5D5FE00A63AE9 /* LoginCoordinator.swift in Sources */,
				C5B2DB1D29E5D27D00A63AE9 /* LoginViewController.swift in Sources */,
				C5B2DB3029E6F52800A63AE9 /* FavoritesCoordinator.swift in Sources */,
				C5B2DB1129E5CD3200A63AE9 /* CoordinatorFinishDelegate.swift in Sources */,
			);
			runOnlyForDeploymentPostprocessing = 0;
		};
/* End PBXSourcesBuildPhase section */

/* Begin PBXVariantGroup section */
		C5A0C2DE29E066DE00DB21DA /* LaunchScreen.storyboard */ = {
			isa = PBXVariantGroup;
			children = (
				C5A0C2DF29E066DE00DB21DA /* Base */,
			);
			name = LaunchScreen.storyboard;
			sourceTree = "<group>";
		};
/* End PBXVariantGroup section */

/* Begin XCBuildConfiguration section */
		C5A0C2E229E066DE00DB21DA /* Debug */ = {
			isa = XCBuildConfiguration;
			buildSettings = {
				ALWAYS_SEARCH_USER_PATHS = NO;
				CLANG_ANALYZER_NONNULL = YES;
				CLANG_ANALYZER_NUMBER_OBJECT_CONVERSION = YES_AGGRESSIVE;
				CLANG_CXX_LANGUAGE_STANDARD = "gnu++20";
				CLANG_ENABLE_MODULES = YES;
				CLANG_ENABLE_OBJC_ARC = YES;
				CLANG_ENABLE_OBJC_WEAK = YES;
				CLANG_WARN_BLOCK_CAPTURE_AUTORELEASING = YES;
				CLANG_WARN_BOOL_CONVERSION = YES;
				CLANG_WARN_COMMA = YES;
				CLANG_WARN_CONSTANT_CONVERSION = YES;
				CLANG_WARN_DEPRECATED_OBJC_IMPLEMENTATIONS = YES;
				CLANG_WARN_DIRECT_OBJC_ISA_USAGE = YES_ERROR;
				CLANG_WARN_DOCUMENTATION_COMMENTS = YES;
				CLANG_WARN_EMPTY_BODY = YES;
				CLANG_WARN_ENUM_CONVERSION = YES;
				CLANG_WARN_INFINITE_RECURSION = YES;
				CLANG_WARN_INT_CONVERSION = YES;
				CLANG_WARN_NON_LITERAL_NULL_CONVERSION = YES;
				CLANG_WARN_OBJC_IMPLICIT_RETAIN_SELF = YES;
				CLANG_WARN_OBJC_LITERAL_CONVERSION = YES;
				CLANG_WARN_OBJC_ROOT_CLASS = YES_ERROR;
				CLANG_WARN_QUOTED_INCLUDE_IN_FRAMEWORK_HEADER = YES;
				CLANG_WARN_RANGE_LOOP_ANALYSIS = YES;
				CLANG_WARN_STRICT_PROTOTYPES = YES;
				CLANG_WARN_SUSPICIOUS_MOVE = YES;
				CLANG_WARN_UNGUARDED_AVAILABILITY = YES_AGGRESSIVE;
				CLANG_WARN_UNREACHABLE_CODE = YES;
				CLANG_WARN__DUPLICATE_METHOD_MATCH = YES;
				COPY_PHASE_STRIP = NO;
				DEBUG_INFORMATION_FORMAT = dwarf;
				ENABLE_STRICT_OBJC_MSGSEND = YES;
				ENABLE_TESTABILITY = YES;
				GCC_C_LANGUAGE_STANDARD = gnu11;
				GCC_DYNAMIC_NO_PIC = NO;
				GCC_NO_COMMON_BLOCKS = YES;
				GCC_OPTIMIZATION_LEVEL = 0;
				GCC_PREPROCESSOR_DEFINITIONS = (
					"DEBUG=1",
					"$(inherited)",
				);
				GCC_WARN_64_TO_32_BIT_CONVERSION = YES;
				GCC_WARN_ABOUT_RETURN_TYPE = YES_ERROR;
				GCC_WARN_UNDECLARED_SELECTOR = YES;
				GCC_WARN_UNINITIALIZED_AUTOS = YES_AGGRESSIVE;
				GCC_WARN_UNUSED_FUNCTION = YES;
				GCC_WARN_UNUSED_VARIABLE = YES;
				IPHONEOS_DEPLOYMENT_TARGET = 16.4;
				MTL_ENABLE_DEBUG_INFO = INCLUDE_SOURCE;
				MTL_FAST_MATH = YES;
				ONLY_ACTIVE_ARCH = YES;
				SDKROOT = iphoneos;
				SWIFT_ACTIVE_COMPILATION_CONDITIONS = DEBUG;
				SWIFT_OPTIMIZATION_LEVEL = "-Onone";
			};
			name = Debug;
		};
		C5A0C2E329E066DE00DB21DA /* Release */ = {
			isa = XCBuildConfiguration;
			buildSettings = {
				ALWAYS_SEARCH_USER_PATHS = NO;
				CLANG_ANALYZER_NONNULL = YES;
				CLANG_ANALYZER_NUMBER_OBJECT_CONVERSION = YES_AGGRESSIVE;
				CLANG_CXX_LANGUAGE_STANDARD = "gnu++20";
				CLANG_ENABLE_MODULES = YES;
				CLANG_ENABLE_OBJC_ARC = YES;
				CLANG_ENABLE_OBJC_WEAK = YES;
				CLANG_WARN_BLOCK_CAPTURE_AUTORELEASING = YES;
				CLANG_WARN_BOOL_CONVERSION = YES;
				CLANG_WARN_COMMA = YES;
				CLANG_WARN_CONSTANT_CONVERSION = YES;
				CLANG_WARN_DEPRECATED_OBJC_IMPLEMENTATIONS = YES;
				CLANG_WARN_DIRECT_OBJC_ISA_USAGE = YES_ERROR;
				CLANG_WARN_DOCUMENTATION_COMMENTS = YES;
				CLANG_WARN_EMPTY_BODY = YES;
				CLANG_WARN_ENUM_CONVERSION = YES;
				CLANG_WARN_INFINITE_RECURSION = YES;
				CLANG_WARN_INT_CONVERSION = YES;
				CLANG_WARN_NON_LITERAL_NULL_CONVERSION = YES;
				CLANG_WARN_OBJC_IMPLICIT_RETAIN_SELF = YES;
				CLANG_WARN_OBJC_LITERAL_CONVERSION = YES;
				CLANG_WARN_OBJC_ROOT_CLASS = YES_ERROR;
				CLANG_WARN_QUOTED_INCLUDE_IN_FRAMEWORK_HEADER = YES;
				CLANG_WARN_RANGE_LOOP_ANALYSIS = YES;
				CLANG_WARN_STRICT_PROTOTYPES = YES;
				CLANG_WARN_SUSPICIOUS_MOVE = YES;
				CLANG_WARN_UNGUARDED_AVAILABILITY = YES_AGGRESSIVE;
				CLANG_WARN_UNREACHABLE_CODE = YES;
				CLANG_WARN__DUPLICATE_METHOD_MATCH = YES;
				COPY_PHASE_STRIP = NO;
				DEBUG_INFORMATION_FORMAT = "dwarf-with-dsym";
				ENABLE_NS_ASSERTIONS = NO;
				ENABLE_STRICT_OBJC_MSGSEND = YES;
				GCC_C_LANGUAGE_STANDARD = gnu11;
				GCC_NO_COMMON_BLOCKS = YES;
				GCC_WARN_64_TO_32_BIT_CONVERSION = YES;
				GCC_WARN_ABOUT_RETURN_TYPE = YES_ERROR;
				GCC_WARN_UNDECLARED_SELECTOR = YES;
				GCC_WARN_UNINITIALIZED_AUTOS = YES_AGGRESSIVE;
				GCC_WARN_UNUSED_FUNCTION = YES;
				GCC_WARN_UNUSED_VARIABLE = YES;
				IPHONEOS_DEPLOYMENT_TARGET = 16.4;
				MTL_ENABLE_DEBUG_INFO = NO;
				MTL_FAST_MATH = YES;
				SDKROOT = iphoneos;
				SWIFT_COMPILATION_MODE = wholemodule;
				SWIFT_OPTIMIZATION_LEVEL = "-O";
				VALIDATE_PRODUCT = YES;
			};
			name = Release;
		};
		C5A0C2E529E066DE00DB21DA /* Debug */ = {
			isa = XCBuildConfiguration;
			buildSettings = {
				ASSETCATALOG_COMPILER_APPICON_NAME = AppIcon;
				ASSETCATALOG_COMPILER_GLOBAL_ACCENT_COLOR_NAME = AccentColor;
				CODE_SIGN_STYLE = Automatic;
				CURRENT_PROJECT_VERSION = 1;
				DEVELOPMENT_TEAM = 7W7XN25TWT;
				GENERATE_INFOPLIST_FILE = YES;
				INFOPLIST_FILE = MarvelTime/Info.plist;
				INFOPLIST_KEY_UIApplicationSupportsIndirectInputEvents = YES;
				INFOPLIST_KEY_UILaunchStoryboardName = LaunchScreen;
				INFOPLIST_KEY_UISupportedInterfaceOrientations_iPad = "UIInterfaceOrientationPortrait UIInterfaceOrientationPortraitUpsideDown UIInterfaceOrientationLandscapeLeft UIInterfaceOrientationLandscapeRight";
				INFOPLIST_KEY_UISupportedInterfaceOrientations_iPhone = "UIInterfaceOrientationPortrait UIInterfaceOrientationLandscapeLeft UIInterfaceOrientationLandscapeRight";
				IPHONEOS_DEPLOYMENT_TARGET = 16.1;
				LD_RUNPATH_SEARCH_PATHS = (
					"$(inherited)",
					"@executable_path/Frameworks",
				);
				MARKETING_VERSION = 1.0;
				PRODUCT_BUNDLE_IDENTIFIER = batuhan.kacmaz.MarvelTime;
				PRODUCT_NAME = "$(TARGET_NAME)";
				SWIFT_EMIT_LOC_STRINGS = YES;
				SWIFT_VERSION = 5.0;
				TARGETED_DEVICE_FAMILY = "1,2";
			};
			name = Debug;
		};
		C5A0C2E629E066DE00DB21DA /* Release */ = {
			isa = XCBuildConfiguration;
			buildSettings = {
				ASSETCATALOG_COMPILER_APPICON_NAME = AppIcon;
				ASSETCATALOG_COMPILER_GLOBAL_ACCENT_COLOR_NAME = AccentColor;
				CODE_SIGN_STYLE = Automatic;
				CURRENT_PROJECT_VERSION = 1;
				DEVELOPMENT_TEAM = 7W7XN25TWT;
				GENERATE_INFOPLIST_FILE = YES;
				INFOPLIST_FILE = MarvelTime/Info.plist;
				INFOPLIST_KEY_UIApplicationSupportsIndirectInputEvents = YES;
				INFOPLIST_KEY_UILaunchStoryboardName = LaunchScreen;
				INFOPLIST_KEY_UISupportedInterfaceOrientations_iPad = "UIInterfaceOrientationPortrait UIInterfaceOrientationPortraitUpsideDown UIInterfaceOrientationLandscapeLeft UIInterfaceOrientationLandscapeRight";
				INFOPLIST_KEY_UISupportedInterfaceOrientations_iPhone = "UIInterfaceOrientationPortrait UIInterfaceOrientationLandscapeLeft UIInterfaceOrientationLandscapeRight";
				IPHONEOS_DEPLOYMENT_TARGET = 16.1;
				LD_RUNPATH_SEARCH_PATHS = (
					"$(inherited)",
					"@executable_path/Frameworks",
				);
				MARKETING_VERSION = 1.0;
				PRODUCT_BUNDLE_IDENTIFIER = batuhan.kacmaz.MarvelTime;
				PRODUCT_NAME = "$(TARGET_NAME)";
				SWIFT_EMIT_LOC_STRINGS = YES;
				SWIFT_VERSION = 5.0;
				TARGETED_DEVICE_FAMILY = "1,2";
			};
			name = Release;
		};
/* End XCBuildConfiguration section */

/* Begin XCConfigurationList section */
		C5A0C2CB29E066DE00DB21DA /* Build configuration list for PBXProject "MarvelTime" */ = {
			isa = XCConfigurationList;
			buildConfigurations = (
				C5A0C2E229E066DE00DB21DA /* Debug */,
				C5A0C2E329E066DE00DB21DA /* Release */,
			);
			defaultConfigurationIsVisible = 0;
			defaultConfigurationName = Release;
		};
		C5A0C2E429E066DE00DB21DA /* Build configuration list for PBXNativeTarget "MarvelTime" */ = {
			isa = XCConfigurationList;
			buildConfigurations = (
				C5A0C2E529E066DE00DB21DA /* Debug */,
				C5A0C2E629E066DE00DB21DA /* Release */,
			);
			defaultConfigurationIsVisible = 0;
			defaultConfigurationName = Release;
		};
/* End XCConfigurationList section */

/* Begin XCRemoteSwiftPackageReference section */
		C5CEBF4229F54A6600330A49 /* XCRemoteSwiftPackageReference "SDWebImage" */ = {
			isa = XCRemoteSwiftPackageReference;
			repositoryURL = "https://github.com/SDWebImage/SDWebImage.git";
			requirement = {
				kind = upToNextMajorVersion;
				minimumVersion = 5.0.0;
			};
		};
/* End XCRemoteSwiftPackageReference section */

/* Begin XCSwiftPackageProductDependency section */
		C5CEBF4329F54A6600330A49 /* SDWebImage */ = {
			isa = XCSwiftPackageProductDependency;
			package = C5CEBF4229F54A6600330A49 /* XCRemoteSwiftPackageReference "SDWebImage" */;
			productName = SDWebImage;
		};
/* End XCSwiftPackageProductDependency section */
	};
	rootObject = C5A0C2C829E066DD00DB21DA /* Project object */;
}
